<?xml version="1.0" encoding="utf-8"?>
<Project ToolsVersion="4.0" xmlns="http://schemas.microsoft.com/developer/msbuild/2003">
  <ItemGroup>
    <Filter Include="Source Files">
      <UniqueIdentifier>{4FC737F1-C7A5-4376-A066-2A32D752A2FF}</UniqueIdentifier>
      <Extensions>cpp;c;cc;cxx;c++;cppm;ixx;def;odl;idl;hpj;bat;asm;asmx</Extensions>
    </Filter>
    <Filter Include="Header Files">
      <UniqueIdentifier>{93995380-89BD-4b04-88EB-625FBE52EBFB}</UniqueIdentifier>
      <Extensions>h;hh;hpp;hxx;h++;hm;inl;inc;ipp;xsd</Extensions>
    </Filter>
    <Filter Include="Resource Files">
      <UniqueIdentifier>{67DA6AB6-F800-4c08-8B7A-83BB121AAD01}</UniqueIdentifier>
      <Extensions>rc;ico;cur;bmp;dlg;rc2;rct;bin;rgs;gif;jpg;jpeg;jpe;resx;tiff;tif;png;wav;mfcribbon-ms</Extensions>
    </Filter>
    <Filter Include="Shader">
      <UniqueIdentifier>{b473fb18-6527-4dc3-a065-fb8bd4505786}</UniqueIdentifier>
    </Filter>
    <Filter Include="Resource Files\debug">
      <UniqueIdentifier>{f03dbfe9-ba88-494e-a005-d95c9a538c39}</UniqueIdentifier>
    </Filter>
  </ItemGroup>
  <ItemGroup>
    <ClCompile Include="PMDActor.cpp">
      <Filter>Source Files</Filter>
    </ClCompile>
    <ClCompile Include="D3DDevice.cpp">
      <Filter>Source Files</Filter>
    </ClCompile>
    <ClCompile Include="GraphicsControl.cpp">
      <Filter>Source Files</Filter>
    </ClCompile>
    <ClCompile Include="Debug.cpp">
      <Filter>Source Files</Filter>
    </ClCompile>
    <ClCompile Include="Common.cpp">
      <Filter>Source Files</Filter>
    </ClCompile>
    <ClCompile Include="D3DResourceManage.cpp">
      <Filter>Source Files</Filter>
    </ClCompile>
    <ClCompile Include="D3DCamera.cpp">
      <Filter>Source Files</Filter>
    </ClCompile>
    <ClCompile Include="D3DPipeline.cpp">
      <Filter>Source Files</Filter>
    </ClCompile>
    <ClCompile Include="D3DAnimation.cpp">
      <Filter>Source Files</Filter>
    </ClCompile>
  </ItemGroup>
  <ItemGroup>
    <ClInclude Include="D3DFunction.h">
      <Filter>Header Files</Filter>
    </ClInclude>
    <ClInclude Include="PMDActor.h">
      <Filter>Header Files</Filter>
    </ClInclude>
    <ClInclude Include="D3DAPI.h">
      <Filter>Header Files</Filter>
    </ClInclude>
    <ClInclude Include="Common.h">
      <Filter>Header Files</Filter>
    </ClInclude>
    <ClInclude Include="D3DResourceManage.h">
      <Filter>Header Files</Filter>
    </ClInclude>
  </ItemGroup>
  <ItemGroup>
    <FxCompile Include="BasicVertexShader.hlsl">
      <Filter>Resource Files</Filter>
    </FxCompile>
    <FxCompile Include="BasicPixelShader.hlsl">
      <Filter>Resource Files</Filter>
    </FxCompile>
  </ItemGroup>
  <ItemGroup>
    <None Include="BasicShaderHeader.hlsli">
      <Filter>Resource Files</Filter>
    </None>
  </ItemGroup>
</Project>